
Microsoft Visual Studio Solution File, Format Version 12.00
# Visual Studio 15
VisualStudioVersion = 15.0.26730.15
MinimumVisualStudioVersion = 10.0.40219.1
Project("{FAE04EC0-301F-11D3-BF4B-00C04F79EFBC}") = "Voorbeeld4_MVC", "Voorbeeld4_MVC\Voorbeeld4_MVC.csproj", "{DE387E2F-60B2-458A-ABF0-50F0119E1787}"
EndProject
Global
	GlobalSection(SolutionConfigurationPlatforms) = preSolution
		Debug|Any CPU = Debug|Any CPU
		Release|Any CPU = Release|Any CPU
	EndGlobalSection
	GlobalSection(ProjectConfigurationPlatforms) = postSolution
		{DE387E2F-60B2-458A-ABF0-50F0119E1787}.Debug|Any CPU.ActiveCfg = Debug|Any CPU
		{DE387E2F-60B2-458A-ABF0-50F0119E1787}.Debug|Any CPU.Build.0 = Debug|Any CPU
		{DE387E2F-60B2-458A-ABF0-50F0119E1787}.Release|Any CPU.ActiveCfg = Release|Any CPU
		{DE387E2F-60B2-458A-ABF0-50F0119E1787}.Release|Any CPU.Build.0 = Release|Any CPU
	EndGlobalSection
	GlobalSection(SolutionProperties) = preSolution
		HideSolutionNode = FALSE
	EndGlobalSection
	GlobalSection(ExtensibilityGlobals) = postSolution
		SolutionGuid = {5B15DD03-4D8E-4398-99D6-A802136B8C44}
	EndGlobalSection
EndGlobal
